
Microsoft Visual Studio Solution File, Format Version 12.00
# Visual Studio Version 17
VisualStudioVersion = 17.0.32126.317
MinimumVisualStudioVersion = 10.0.40219.1
Project("{FAE04EC0-301F-11D3-BF4B-00C04F79EFBC}") = "AppWhileNumero", "AppWhileNumero\AppWhileNumero.csproj", "{AB5599C4-294A-4E4D-88F7-52E459A27F23}"
EndProject
Global
	GlobalSection(SolutionConfigurationPlatforms) = preSolution
		Debug|Any CPU = Debug|Any CPU
		Release|Any CPU = Release|Any CPU
	EndGlobalSection
	GlobalSection(ProjectConfigurationPlatforms) = postSolution
		{AB5599C4-294A-4E4D-88F7-52E459A27F23}.Debug|Any CPU.ActiveCfg = Debug|Any CPU
		{AB5599C4-294A-4E4D-88F7-52E459A27F23}.Debug|Any CPU.Build.0 = Debug|Any CPU
		{AB5599C4-294A-4E4D-88F7-52E459A27F23}.Release|Any CPU.ActiveCfg = Release|Any CPU
		{AB5599C4-294A-4E4D-88F7-52E459A27F23}.Release|Any CPU.Build.0 = Release|Any CPU
	EndGlobalSection
	GlobalSection(SolutionProperties) = preSolution
		HideSolutionNode = FALSE
	EndGlobalSection
	GlobalSection(ExtensibilityGlobals) = postSolution
		SolutionGuid = {2FFC3793-3E44-4968-B26C-3B13B31CFDBF}
	EndGlobalSection
EndGlobal
